// !$*UTF8*$!
{
	archiveVersion = 1;
	classes = {
	};
	objectVersion = 46;
	objects = {

/* Begin PBXBuildFile section */
		12052F491E47D3E200374DA9 /* SwiftSDD.h in Headers */ = {isa = PBXBuildFile; fileRef = 12052F471E47D3E200374DA9 /* SwiftSDD.h */; settings = {ATTRIBUTES = (Public, ); }; };
		12052F4F1E47D58800374DA9 /* SDD.swift in Sources */ = {isa = PBXBuildFile; fileRef = 12317E301E45E88C001E1A6B /* SDD.swift */; };
		12052F501E47D58800374DA9 /* Homomorphism.swift in Sources */ = {isa = PBXBuildFile; fileRef = 12086C571E475C9A00A7CCCF /* Homomorphism.swift */; };
		12052F511E47D58800374DA9 /* Order.swift in Sources */ = {isa = PBXBuildFile; fileRef = 12317E341E461BB6001E1A6B /* Order.swift */; };
		12052F521E47D58800374DA9 /* Path.swift in Sources */ = {isa = PBXBuildFile; fileRef = 12317E381E4691F8001E1A6B /* Path.swift */; };
		12052F531E47D58800374DA9 /* ValueMapper.swift in Sources */ = {isa = PBXBuildFile; fileRef = 12317E321E461786001E1A6B /* ValueMapper.swift */; };
		12052F541E47D58800374DA9 /* Array+Extensions.swift in Sources */ = {isa = PBXBuildFile; fileRef = 12086C591E47664500A7CCCF /* Array+Extensions.swift */; };
		12052F551E47D58800374DA9 /* wrapper.cc in Sources */ = {isa = PBXBuildFile; fileRef = 75DB72EF1E44DBB400273578 /* wrapper.cc */; };
		12052F571E47D86B00374DA9 /* SwiftSDD-Bridging-Header.h in Headers */ = {isa = PBXBuildFile; fileRef = 75DB72EE1E44DBB400273578 /* SwiftSDD-Bridging-Header.h */; settings = {ATTRIBUTES = (Public, ); }; };
		12052F581E47D88F00374DA9 /* wrapper.h in Headers */ = {isa = PBXBuildFile; fileRef = 75DB72F41E44F00300273578 /* wrapper.h */; settings = {ATTRIBUTES = (Public, ); }; };
		12052F931E47E44200374DA9 /* libboost_coroutine.dylib in Frameworks */ = {isa = PBXBuildFile; fileRef = 12052F8F1E47E41E00374DA9 /* libboost_coroutine.dylib */; };
		12052F941E47E44200374DA9 /* libboost_system.dylib in Frameworks */ = {isa = PBXBuildFile; fileRef = 12052F901E47E41E00374DA9 /* libboost_system.dylib */; };
		75B40A3A1E48D45A00CA90BA /* main.swift in Sources */ = {isa = PBXBuildFile; fileRef = 75B40A391E48D45A00CA90BA /* main.swift */; };
		75B40A411E48D4C500CA90BA /* libboost_coroutine.dylib in Frameworks */ = {isa = PBXBuildFile; fileRef = 12052F8F1E47E41E00374DA9 /* libboost_coroutine.dylib */; };
		75B40A421E48D4C500CA90BA /* libboost_system.dylib in Frameworks */ = {isa = PBXBuildFile; fileRef = 12052F901E47E41E00374DA9 /* libboost_system.dylib */; };
		75B40A431E48D51E00CA90BA /* SDD.swift in Sources */ = {isa = PBXBuildFile; fileRef = 12317E301E45E88C001E1A6B /* SDD.swift */; };
		75B40A441E48D51E00CA90BA /* Homomorphism.swift in Sources */ = {isa = PBXBuildFile; fileRef = 12086C571E475C9A00A7CCCF /* Homomorphism.swift */; };
		75B40A451E48D51E00CA90BA /* Order.swift in Sources */ = {isa = PBXBuildFile; fileRef = 12317E341E461BB6001E1A6B /* Order.swift */; };
		75B40A461E48D51E00CA90BA /* Path.swift in Sources */ = {isa = PBXBuildFile; fileRef = 12317E381E4691F8001E1A6B /* Path.swift */; };
		75B40A471E48D51E00CA90BA /* ValueMapper.swift in Sources */ = {isa = PBXBuildFile; fileRef = 12317E321E461786001E1A6B /* ValueMapper.swift */; };
		75B40A481E48D51E00CA90BA /* Array+Extensions.swift in Sources */ = {isa = PBXBuildFile; fileRef = 12086C591E47664500A7CCCF /* Array+Extensions.swift */; };
		75B40A491E48D51E00CA90BA /* wrapper.cc in Sources */ = {isa = PBXBuildFile; fileRef = 75DB72EF1E44DBB400273578 /* wrapper.cc */; };
/* End PBXBuildFile section */

/* Begin PBXContainerItemProxy section */
		75DB72EA1E44DA8500273578 /* PBXContainerItemProxy */ = {
			isa = PBXContainerItemProxy;
			containerPortal = 75DB72E51E44DA8500273578 /* libsdd.xcodeproj */;
			proxyType = 2;
			remoteGlobalIDString = 2BDE1E6E18DCBF8100717177;
			remoteInfo = tests;
		};
		75DB72EC1E44DA8500273578 /* PBXContainerItemProxy */ = {
			isa = PBXContainerItemProxy;
			containerPortal = 75DB72E51E44DA8500273578 /* libsdd.xcodeproj */;
			proxyType = 2;
			remoteGlobalIDString = 2BB40F7A1C1C120E00360381;
			remoteInfo = gtest;
		};
/* End PBXContainerItemProxy section */

/* Begin PBXCopyFilesBuildPhase section */
		75B40A351E48D45A00CA90BA /* CopyFiles */ = {
			isa = PBXCopyFilesBuildPhase;
			buildActionMask = 2147483647;
			dstPath = /usr/share/man/man1/;
			dstSubfolderSpec = 0;
			files = (
			);
			runOnlyForDeploymentPostprocessing = 1;
		};
/* End PBXCopyFilesBuildPhase section */

/* Begin PBXFileReference section */
		12052F451E47D3E200374DA9 /* SwiftSDD.framework */ = {isa = PBXFileReference; explicitFileType = wrapper.framework; includeInIndex = 0; path = SwiftSDD.framework; sourceTree = BUILT_PRODUCTS_DIR; };
		12052F471E47D3E200374DA9 /* SwiftSDD.h */ = {isa = PBXFileReference; lastKnownFileType = sourcecode.c.h; path = SwiftSDD.h; sourceTree = "<group>"; };
		12052F481E47D3E200374DA9 /* Info.plist */ = {isa = PBXFileReference; lastKnownFileType = text.plist.xml; path = Info.plist; sourceTree = "<group>"; };
		12052F8F1E47E41E00374DA9 /* libboost_coroutine.dylib */ = {isa = PBXFileReference; lastKnownFileType = "compiled.mach-o.dylib"; name = libboost_coroutine.dylib; path = /usr/local/lib/libboost_coroutine.dylib; sourceTree = "<group>"; };
		12052F901E47E41E00374DA9 /* libboost_system.dylib */ = {isa = PBXFileReference; lastKnownFileType = "compiled.mach-o.dylib"; name = libboost_system.dylib; path = /usr/local/lib/libboost_system.dylib; sourceTree = "<group>"; };
		12086C541E474F5E00A7CCCF /* user_types.hh */ = {isa = PBXFileReference; lastKnownFileType = sourcecode.cpp.h; path = user_types.hh; sourceTree = "<group>"; };
		12086C571E475C9A00A7CCCF /* Homomorphism.swift */ = {isa = PBXFileReference; fileEncoding = 4; lastKnownFileType = sourcecode.swift; path = Homomorphism.swift; sourceTree = "<group>"; };
		12086C591E47664500A7CCCF /* Array+Extensions.swift */ = {isa = PBXFileReference; fileEncoding = 4; lastKnownFileType = sourcecode.swift; path = "Array+Extensions.swift"; sourceTree = "<group>"; };
		12317E301E45E88C001E1A6B /* SDD.swift */ = {isa = PBXFileReference; fileEncoding = 4; lastKnownFileType = sourcecode.swift; path = SDD.swift; sourceTree = "<group>"; };
		12317E321E461786001E1A6B /* ValueMapper.swift */ = {isa = PBXFileReference; fileEncoding = 4; lastKnownFileType = sourcecode.swift; path = ValueMapper.swift; sourceTree = "<group>"; };
		12317E341E461BB6001E1A6B /* Order.swift */ = {isa = PBXFileReference; fileEncoding = 4; lastKnownFileType = sourcecode.swift; path = Order.swift; sourceTree = "<group>"; };
		12317E381E4691F8001E1A6B /* Path.swift */ = {isa = PBXFileReference; fileEncoding = 4; lastKnownFileType = sourcecode.swift; path = Path.swift; sourceTree = "<group>"; };
		75B40A371E48D45A00CA90BA /* swiftsdd-example */ = {isa = PBXFileReference; explicitFileType = "compiled.mach-o.executable"; includeInIndex = 0; path = "swiftsdd-example"; sourceTree = BUILT_PRODUCTS_DIR; };
		75B40A391E48D45A00CA90BA /* main.swift */ = {isa = PBXFileReference; lastKnownFileType = sourcecode.swift; path = main.swift; sourceTree = "<group>"; };
		75DB72E51E44DA8500273578 /* libsdd.xcodeproj */ = {isa = PBXFileReference; lastKnownFileType = "wrapper.pb-project"; name = libsdd.xcodeproj; path = libsdd/libsdd.xcodeproj; sourceTree = "<group>"; };
		75DB72EE1E44DBB400273578 /* SwiftSDD-Bridging-Header.h */ = {isa = PBXFileReference; lastKnownFileType = sourcecode.c.h; path = "SwiftSDD-Bridging-Header.h"; sourceTree = "<group>"; };
		75DB72EF1E44DBB400273578 /* wrapper.cc */ = {isa = PBXFileReference; fileEncoding = 4; lastKnownFileType = sourcecode.cpp.cpp; path = wrapper.cc; sourceTree = "<group>"; };
		75DB72F41E44F00300273578 /* wrapper.h */ = {isa = PBXFileReference; lastKnownFileType = sourcecode.c.h; path = wrapper.h; sourceTree = "<group>"; };
/* End PBXFileReference section */

/* Begin PBXFrameworksBuildPhase section */
		12052F411E47D3E200374DA9 /* Frameworks */ = {
			isa = PBXFrameworksBuildPhase;
			buildActionMask = 2147483647;
			files = (
				12052F931E47E44200374DA9 /* libboost_coroutine.dylib in Frameworks */,
				12052F941E47E44200374DA9 /* libboost_system.dylib in Frameworks */,
			);
			runOnlyForDeploymentPostprocessing = 0;
		};
		75B40A341E48D45A00CA90BA /* Frameworks */ = {
			isa = PBXFrameworksBuildPhase;
			buildActionMask = 2147483647;
			files = (
				75B40A411E48D4C500CA90BA /* libboost_coroutine.dylib in Frameworks */,
				75B40A421E48D4C500CA90BA /* libboost_system.dylib in Frameworks */,
			);
			runOnlyForDeploymentPostprocessing = 0;
		};
/* End PBXFrameworksBuildPhase section */

/* Begin PBXGroup section */
		75B40A381E48D45A00CA90BA /* swiftsdd-example */ = {
			isa = PBXGroup;
			children = (
				75B40A391E48D45A00CA90BA /* main.swift */,
			);
			path = "swiftsdd-example";
			sourceTree = "<group>";
		};
		75DB72D21E44D98900273578 = {
			isa = PBXGroup;
			children = (
				75DB72E51E44DA8500273578 /* libsdd.xcodeproj */,
				75DB72DD1E44D98900273578 /* SwiftSDD */,
				75B40A381E48D45A00CA90BA /* swiftsdd-example */,
				75DB72DC1E44D98900273578 /* Products */,
				75DB72F11E44E15D00273578 /* Frameworks */,
			);
			sourceTree = "<group>";
		};
		75DB72DC1E44D98900273578 /* Products */ = {
			isa = PBXGroup;
			children = (
				12052F451E47D3E200374DA9 /* SwiftSDD.framework */,
				75B40A371E48D45A00CA90BA /* swiftsdd-example */,
			);
			name = Products;
			sourceTree = "<group>";
		};
		75DB72DD1E44D98900273578 /* SwiftSDD */ = {
			isa = PBXGroup;
			children = (
				12052F471E47D3E200374DA9 /* SwiftSDD.h */,
				12052F481E47D3E200374DA9 /* Info.plist */,
				12317E301E45E88C001E1A6B /* SDD.swift */,
				12086C571E475C9A00A7CCCF /* Homomorphism.swift */,
				12317E341E461BB6001E1A6B /* Order.swift */,
				12317E381E4691F8001E1A6B /* Path.swift */,
				12317E321E461786001E1A6B /* ValueMapper.swift */,
				12086C591E47664500A7CCCF /* Array+Extensions.swift */,
				75DB72EE1E44DBB400273578 /* SwiftSDD-Bridging-Header.h */,
				75DB72F41E44F00300273578 /* wrapper.h */,
				12086C541E474F5E00A7CCCF /* user_types.hh */,
				75DB72EF1E44DBB400273578 /* wrapper.cc */,
			);
			path = SwiftSDD;
			sourceTree = "<group>";
		};
		75DB72E61E44DA8500273578 /* Products */ = {
			isa = PBXGroup;
			children = (
				75DB72EB1E44DA8500273578 /* tests */,
				75DB72ED1E44DA8500273578 /* libgtest.a */,
			);
			name = Products;
			sourceTree = "<group>";
		};
		75DB72F11E44E15D00273578 /* Frameworks */ = {
			isa = PBXGroup;
			children = (
				12052F8F1E47E41E00374DA9 /* libboost_coroutine.dylib */,
				12052F901E47E41E00374DA9 /* libboost_system.dylib */,
			);
			name = Frameworks;
			sourceTree = "<group>";
		};
/* End PBXGroup section */

/* Begin PBXHeadersBuildPhase section */
		12052F421E47D3E200374DA9 /* Headers */ = {
			isa = PBXHeadersBuildPhase;
			buildActionMask = 2147483647;
			files = (
				12052F491E47D3E200374DA9 /* SwiftSDD.h in Headers */,
				12052F571E47D86B00374DA9 /* SwiftSDD-Bridging-Header.h in Headers */,
				12052F581E47D88F00374DA9 /* wrapper.h in Headers */,
			);
			runOnlyForDeploymentPostprocessing = 0;
		};
/* End PBXHeadersBuildPhase section */

/* Begin PBXNativeTarget section */
		12052F441E47D3E200374DA9 /* SwiftSDD */ = {
			isa = PBXNativeTarget;
			buildConfigurationList = 12052F4A1E47D3E200374DA9 /* Build configuration list for PBXNativeTarget "SwiftSDD" */;
			buildPhases = (
				12052F401E47D3E200374DA9 /* Sources */,
				12052F411E47D3E200374DA9 /* Frameworks */,
				12052F421E47D3E200374DA9 /* Headers */,
				12052F431E47D3E200374DA9 /* Resources */,
			);
			buildRules = (
			);
			dependencies = (
			);
			name = SwiftSDD;
			productName = SwiftSDD;
			productReference = 12052F451E47D3E200374DA9 /* SwiftSDD.framework */;
			productType = "com.apple.product-type.framework";
		};
		75B40A361E48D45A00CA90BA /* swiftsdd-example */ = {
			isa = PBXNativeTarget;
			buildConfigurationList = 75B40A3F1E48D45A00CA90BA /* Build configuration list for PBXNativeTarget "swiftsdd-example" */;
			buildPhases = (
				75B40A331E48D45A00CA90BA /* Sources */,
				75B40A341E48D45A00CA90BA /* Frameworks */,
				75B40A351E48D45A00CA90BA /* CopyFiles */,
			);
			buildRules = (
			);
			dependencies = (
			);
			name = "swiftsdd-example";
			productName = "swiftsdd-example";
			productReference = 75B40A371E48D45A00CA90BA /* swiftsdd-example */;
			productType = "com.apple.product-type.tool";
		};
/* End PBXNativeTarget section */

/* Begin PBXProject section */
		75DB72D31E44D98900273578 /* Project object */ = {
			isa = PBXProject;
			attributes = {
				LastSwiftUpdateCheck = 0820;
				LastUpgradeCheck = 0820;
				ORGANIZATIONNAME = "University of Geneva";
				TargetAttributes = {
					12052F441E47D3E200374DA9 = {
						CreatedOnToolsVersion = 8.2.1;
						ProvisioningStyle = Automatic;
					};
					75B40A361E48D45A00CA90BA = {
						CreatedOnToolsVersion = 8.2.1;
						ProvisioningStyle = Automatic;
					};
				};
			};
			buildConfigurationList = 75DB72D61E44D98900273578 /* Build configuration list for PBXProject "SwiftSDD" */;
			compatibilityVersion = "Xcode 3.2";
			developmentRegion = English;
			hasScannedForEncodings = 0;
			knownRegions = (
				en,
				Base,
			);
			mainGroup = 75DB72D21E44D98900273578;
			productRefGroup = 75DB72DC1E44D98900273578 /* Products */;
			projectDirPath = "";
			projectReferences = (
				{
					ProductGroup = 75DB72E61E44DA8500273578 /* Products */;
					ProjectRef = 75DB72E51E44DA8500273578 /* libsdd.xcodeproj */;
				},
			);
			projectRoot = "";
			targets = (
				12052F441E47D3E200374DA9 /* SwiftSDD */,
				75B40A361E48D45A00CA90BA /* swiftsdd-example */,
			);
		};
/* End PBXProject section */

/* Begin PBXReferenceProxy section */
		75DB72EB1E44DA8500273578 /* tests */ = {
			isa = PBXReferenceProxy;
			fileType = "compiled.mach-o.executable";
			path = tests;
			remoteRef = 75DB72EA1E44DA8500273578 /* PBXContainerItemProxy */;
			sourceTree = BUILT_PRODUCTS_DIR;
		};
		75DB72ED1E44DA8500273578 /* libgtest.a */ = {
			isa = PBXReferenceProxy;
			fileType = archive.ar;
			path = libgtest.a;
			remoteRef = 75DB72EC1E44DA8500273578 /* PBXContainerItemProxy */;
			sourceTree = BUILT_PRODUCTS_DIR;
		};
/* End PBXReferenceProxy section */

/* Begin PBXResourcesBuildPhase section */
		12052F431E47D3E200374DA9 /* Resources */ = {
			isa = PBXResourcesBuildPhase;
			buildActionMask = 2147483647;
			files = (
			);
			runOnlyForDeploymentPostprocessing = 0;
		};
/* End PBXResourcesBuildPhase section */

/* Begin PBXSourcesBuildPhase section */
		12052F401E47D3E200374DA9 /* Sources */ = {
			isa = PBXSourcesBuildPhase;
			buildActionMask = 2147483647;
			files = (
				12052F4F1E47D58800374DA9 /* SDD.swift in Sources */,
				12052F501E47D58800374DA9 /* Homomorphism.swift in Sources */,
				12052F511E47D58800374DA9 /* Order.swift in Sources */,
				12052F521E47D58800374DA9 /* Path.swift in Sources */,
				12052F531E47D58800374DA9 /* ValueMapper.swift in Sources */,
				12052F541E47D58800374DA9 /* Array+Extensions.swift in Sources */,
				12052F551E47D58800374DA9 /* wrapper.cc in Sources */,
			);
			runOnlyForDeploymentPostprocessing = 0;
		};
		75B40A331E48D45A00CA90BA /* Sources */ = {
			isa = PBXSourcesBuildPhase;
			buildActionMask = 2147483647;
			files = (
				75B40A431E48D51E00CA90BA /* SDD.swift in Sources */,
				75B40A441E48D51E00CA90BA /* Homomorphism.swift in Sources */,
				75B40A451E48D51E00CA90BA /* Order.swift in Sources */,
				75B40A461E48D51E00CA90BA /* Path.swift in Sources */,
				75B40A471E48D51E00CA90BA /* ValueMapper.swift in Sources */,
				75B40A481E48D51E00CA90BA /* Array+Extensions.swift in Sources */,
				75B40A491E48D51E00CA90BA /* wrapper.cc in Sources */,
				75B40A3A1E48D45A00CA90BA /* main.swift in Sources */,
			);
			runOnlyForDeploymentPostprocessing = 0;
		};
/* End PBXSourcesBuildPhase section */

/* Begin XCBuildConfiguration section */
		12052F4B1E47D3E200374DA9 /* Debug */ = {
			isa = XCBuildConfiguration;
			buildSettings = {
				CLANG_CXX_LANGUAGE_STANDARD = "c++14";
				CODE_SIGN_IDENTITY = "";
				COMBINE_HIDPI_IMAGES = YES;
				CURRENT_PROJECT_VERSION = 1;
				DEFINES_MODULE = YES;
				DYLIB_COMPATIBILITY_VERSION = 1;
				DYLIB_CURRENT_VERSION = 1;
				DYLIB_INSTALL_NAME_BASE = "@rpath";
				FRAMEWORK_VERSION = A;
				HEADER_SEARCH_PATHS = (
					"$(SRCROOT)/libsdd/",
					/usr/local/include/,
				);
				INFOPLIST_FILE = SwiftSDD/Info.plist;
				INSTALL_PATH = "$(LOCAL_LIBRARY_DIR)/Frameworks";
				LD_RUNPATH_SEARCH_PATHS = "$(inherited) @executable_path/../Frameworks @loader_path/Frameworks";
				LIBRARY_SEARCH_PATHS = /usr/local/lib/;
				PRODUCT_BUNDLE_IDENTIFIER = ch.unige.smv.SwiftSDD;
				PRODUCT_NAME = "$(TARGET_NAME)";
				SKIP_INSTALL = YES;
				SWIFT_ACTIVE_COMPILATION_CONDITIONS = DEBUG;
				SWIFT_OBJC_BRIDGING_HEADER = "";
				SWIFT_VERSION = 3.0;
				VERSIONING_SYSTEM = "apple-generic";
				VERSION_INFO_PREFIX = "";
			};
			name = Debug;
		};
		12052F4C1E47D3E200374DA9 /* Release */ = {
			isa = XCBuildConfiguration;
			buildSettings = {
				CLANG_CXX_LANGUAGE_STANDARD = "c++14";
				CODE_SIGN_IDENTITY = "";
				COMBINE_HIDPI_IMAGES = YES;
				CURRENT_PROJECT_VERSION = 1;
				DEFINES_MODULE = YES;
				DYLIB_COMPATIBILITY_VERSION = 1;
				DYLIB_CURRENT_VERSION = 1;
				DYLIB_INSTALL_NAME_BASE = "@rpath";
				FRAMEWORK_VERSION = A;
				HEADER_SEARCH_PATHS = (
					"$(SRCROOT)/libsdd/",
					/usr/local/include/,
				);
				INFOPLIST_FILE = SwiftSDD/Info.plist;
				INSTALL_PATH = "$(LOCAL_LIBRARY_DIR)/Frameworks";
				LD_RUNPATH_SEARCH_PATHS = "$(inherited) @executable_path/../Frameworks @loader_path/Frameworks";
				LIBRARY_SEARCH_PATHS = /usr/local/lib/;
				PRODUCT_BUNDLE_IDENTIFIER = ch.unige.smv.SwiftSDD;
				PRODUCT_NAME = "$(TARGET_NAME)";
				SKIP_INSTALL = YES;
				SWIFT_OBJC_BRIDGING_HEADER = "";
				SWIFT_OPTIMIZATION_LEVEL = "-Owholemodule";
				SWIFT_VERSION = 3.0;
				VERSIONING_SYSTEM = "apple-generic";
				VERSION_INFO_PREFIX = "";
			};
			name = Release;
		};
		75B40A3B1E48D45A00CA90BA /* Debug */ = {
			isa = XCBuildConfiguration;
			buildSettings = {
				CLANG_CXX_LANGUAGE_STANDARD = "c++14";
				HEADER_SEARCH_PATHS = (
					"$(SRCROOT)/libsdd/",
					/usr/local/include/,
				);
				LIBRARY_SEARCH_PATHS = /usr/local/lib/;
				PRODUCT_NAME = "$(TARGET_NAME)";
				SWIFT_OBJC_BRIDGING_HEADER = "$(SRCROOT)/SwiftSDD/SwiftSDD-Bridging-Header.h";
				SWIFT_VERSION = 3.0;
			};
			name = Debug;
		};
		75B40A3C1E48D45A00CA90BA /* Release */ = {
			isa = XCBuildConfiguration;
			buildSettings = {
				CLANG_CXX_LANGUAGE_STANDARD = "c++14";
				HEADER_SEARCH_PATHS = (
					"$(SRCROOT)/libsdd/",
					/usr/local/include/,
				);
				LIBRARY_SEARCH_PATHS = /usr/local/lib/;
				PRODUCT_NAME = "$(TARGET_NAME)";
				SWIFT_OBJC_BRIDGING_HEADER = "$(SRCROOT)/SwiftSDD/SwiftSDD-Bridging-Header.h";
				SWIFT_VERSION = 3.0;
			};
			name = Release;
		};
		75DB72E01E44D98900273578 /* Debug */ = {
			isa = XCBuildConfiguration;
			buildSettings = {
				ALWAYS_SEARCH_USER_PATHS = NO;
				CLANG_ANALYZER_NONNULL = YES;
				CLANG_CXX_LANGUAGE_STANDARD = "gnu++0x";
				CLANG_CXX_LIBRARY = "libc++";
				CLANG_ENABLE_MODULES = YES;
				CLANG_ENABLE_OBJC_ARC = YES;
				CLANG_WARN_BOOL_CONVERSION = YES;
				CLANG_WARN_CONSTANT_CONVERSION = YES;
				CLANG_WARN_DIRECT_OBJC_ISA_USAGE = YES_ERROR;
				CLANG_WARN_DOCUMENTATION_COMMENTS = YES;
				CLANG_WARN_EMPTY_BODY = YES;
				CLANG_WARN_ENUM_CONVERSION = YES;
				CLANG_WARN_INFINITE_RECURSION = YES;
				CLANG_WARN_INT_CONVERSION = YES;
				CLANG_WARN_OBJC_ROOT_CLASS = YES_ERROR;
				CLANG_WARN_SUSPICIOUS_MOVE = YES;
				CLANG_WARN_UNREACHABLE_CODE = YES;
				CLANG_WARN__DUPLICATE_METHOD_MATCH = YES;
				CODE_SIGN_IDENTITY = "-";
				COPY_PHASE_STRIP = NO;
				DEBUG_INFORMATION_FORMAT = dwarf;
				ENABLE_STRICT_OBJC_MSGSEND = YES;
				ENABLE_TESTABILITY = YES;
				GCC_C_LANGUAGE_STANDARD = gnu99;
				GCC_DYNAMIC_NO_PIC = NO;
				GCC_NO_COMMON_BLOCKS = YES;
				GCC_OPTIMIZATION_LEVEL = 0;
				GCC_PREPROCESSOR_DEFINITIONS = (
					"DEBUG=1",
					"$(inherited)",
				);
				GCC_WARN_64_TO_32_BIT_CONVERSION = YES;
				GCC_WARN_ABOUT_RETURN_TYPE = YES_ERROR;
				GCC_WARN_UNDECLARED_SELECTOR = YES;
				GCC_WARN_UNINITIALIZED_AUTOS = YES_AGGRESSIVE;
				GCC_WARN_UNUSED_FUNCTION = YES;
				GCC_WARN_UNUSED_VARIABLE = YES;
				HEADER_SEARCH_PATHS = "";
				MACOSX_DEPLOYMENT_TARGET = 10.12;
				MTL_ENABLE_DEBUG_INFO = YES;
				ONLY_ACTIVE_ARCH = YES;
				SDKROOT = macosx;
				SWIFT_OPTIMIZATION_LEVEL = "-Onone";
			};
			name = Debug;
		};
		75DB72E11E44D98900273578 /* Release */ = {
			isa = XCBuildConfiguration;
			buildSettings = {
				ALWAYS_SEARCH_USER_PATHS = NO;
				CLANG_ANALYZER_NONNULL = YES;
				CLANG_CXX_LANGUAGE_STANDARD = "gnu++0x";
				CLANG_CXX_LIBRARY = "libc++";
				CLANG_ENABLE_MODULES = YES;
				CLANG_ENABLE_OBJC_ARC = YES;
				CLANG_WARN_BOOL_CONVERSION = YES;
				CLANG_WARN_CONSTANT_CONVERSION = YES;
				CLANG_WARN_DIRECT_OBJC_ISA_USAGE = YES_ERROR;
				CLANG_WARN_DOCUMENTATION_COMMENTS = YES;
				CLANG_WARN_EMPTY_BODY = YES;
				CLANG_WARN_ENUM_CONVERSION = YES;
				CLANG_WARN_INFINITE_RECURSION = YES;
				CLANG_WARN_INT_CONVERSION = YES;
				CLANG_WARN_OBJC_ROOT_CLASS = YES_ERROR;
				CLANG_WARN_SUSPICIOUS_MOVE = YES;
				CLANG_WARN_UNREACHABLE_CODE = YES;
				CLANG_WARN__DUPLICATE_METHOD_MATCH = YES;
				CODE_SIGN_IDENTITY = "-";
				COPY_PHASE_STRIP = NO;
				DEBUG_INFORMATION_FORMAT = "dwarf-with-dsym";
				ENABLE_NS_ASSERTIONS = NO;
				ENABLE_STRICT_OBJC_MSGSEND = YES;
				GCC_C_LANGUAGE_STANDARD = gnu99;
				GCC_NO_COMMON_BLOCKS = YES;
				GCC_WARN_64_TO_32_BIT_CONVERSION = YES;
				GCC_WARN_ABOUT_RETURN_TYPE = YES_ERROR;
				GCC_WARN_UNDECLARED_SELECTOR = YES;
				GCC_WARN_UNINITIALIZED_AUTOS = YES_AGGRESSIVE;
				GCC_WARN_UNUSED_FUNCTION = YES;
				GCC_WARN_UNUSED_VARIABLE = YES;
				HEADER_SEARCH_PATHS = "";
				MACOSX_DEPLOYMENT_TARGET = 10.12;
				MTL_ENABLE_DEBUG_INFO = NO;
				SDKROOT = macosx;
			};
			name = Release;
		};
/* End XCBuildConfiguration section */

/* Begin XCConfigurationList section */
		12052F4A1E47D3E200374DA9 /* Build configuration list for PBXNativeTarget "SwiftSDD" */ = {
			isa = XCConfigurationList;
			buildConfigurations = (
				12052F4B1E47D3E200374DA9 /* Debug */,
				12052F4C1E47D3E200374DA9 /* Release */,
			);
			defaultConfigurationIsVisible = 0;
			defaultConfigurationName = Release;
		};
		75B40A3F1E48D45A00CA90BA /* Build configuration list for PBXNativeTarget "swiftsdd-example" */ = {
			isa = XCConfigurationList;
			buildConfigurations = (
				75B40A3B1E48D45A00CA90BA /* Debug */,
				75B40A3C1E48D45A00CA90BA /* Release */,
			);
			defaultConfigurationIsVisible = 0;
		};
		75DB72D61E44D98900273578 /* Build configuration list for PBXProject "SwiftSDD" */ = {
			isa = XCConfigurationList;
			buildConfigurations = (
				75DB72E01E44D98900273578 /* Debug */,
				75DB72E11E44D98900273578 /* Release */,
			);
			defaultConfigurationIsVisible = 0;
			defaultConfigurationName = Release;
		};
/* End XCConfigurationList section */
	};
	rootObject = 75DB72D31E44D98900273578 /* Project object */;
}
